// !$*UTF8*$!
{
	archiveVersion = 1;
	classes = {
	};
	objectVersion = 46;
	objects = {
		FAE12D1CAACC80587DCCAB09 = {
			isa = PBXBuildFile;
			fileRef = BAC402A333D7D534EDF29336;
		};
		1521A385F1C56EBF727190C1 = {
			isa = PBXBuildFile;
			fileRef = ED68FE83C31E07B92DF11DE7;
		};
		927CC0840D90EB4598391859 = {
			isa = PBXBuildFile;
			fileRef = 68D420AD33D04232B2C98884;
		};
		CB6ED714A3870F1C04B200DC = {
			isa = PBXBuildFile;
			fileRef = 69BDD6943A2AA9922C8DB32C;
		};
		FA113037AA864ECF1DA95FD5 = {
			isa = PBXBuildFile;
			fileRef = C3CAD811B267E9D396847735;
		};
		1898F87DA592B6C5EE73278D = {
			isa = PBXBuildFile;
			fileRef = E74D54482D1BFF1E730B6C0B;
		};
		443483B3C99A64BEDEF50744 = {
			isa = PBXBuildFile;
			fileRef = B839B2618E33AF9AE60A9453;
		};
		E7182532C073DB05EDBAE900 = {
			isa = PBXBuildFile;
			fileRef = 25FCCBE466213279E598C850;
		};
		A6747268B20CF122175FA061 = {
			isa = PBXBuildFile;
			fileRef = BAC96C94CC2716EFE367D55C;
		};
		6E86513C9E5B10C255C3AB7C = {
			isa = PBXBuildFile;
			fileRef = 10621CEDD25EF3434459B1C9;
		};
		EEFC38BC776F382D0C92E59C = {
			isa = PBXBuildFile;
			fileRef = 9B344DBCAECC8EF1DCDF1213;
		};
		0349CD3B2C8F6892B1A2F846 = {
			isa = PBXBuildFile;
			fileRef = C1639836C2F3CB00924BE78A;
		};
		BD2ED05CCCEF3101E41497A6 = {
			isa = PBXBuildFile;
			fileRef = 96F338BD505C74B77509D58B;
		};
		01F065CC01E1107713F3C628 = {
			isa = PBXBuildFile;
			fileRef = 9E44F1E813052278A6AA70BE;
		};
		D929646DC44319050997EAE1 = {
			isa = PBXBuildFile;
			fileRef = 38046D90996F9134ECE86DAA;
		};
		1C8DC465B0628557DB82E85B = {
			isa = PBXBuildFile;
			fileRef = 384CCAE8D7C4F6E627409935;
		};
		7505190780F94AED495EFBFD = {
			isa = PBXBuildFile;
			fileRef = D673F2280B2CFE8453DE1A60;
		};
		315954D1EF72001BD37E4DAF = {
			isa = PBXBuildFile;
			fileRef = 6413A49B223626BE1EA9845F;
		};
		9CD2DEAFE23F9EC086BD96B6 = {
			isa = PBXBuildFile;
			fileRef = B55390334423182E6D5A0F90;
		};
		256E63BF6427C5416C1C3E0E = {
			isa = PBXBuildFile;
			fileRef = 89EF352894034AB9C2CF0665;
		};
		B72E1903C8DCADA677AC144C = {
			isa = PBXBuildFile;
			fileRef = E1D3CA3ABE9873D7CCCB8582;
		};
		8549A7D0BA6CB277BA665844 = {
			isa = PBXBuildFile;
			fileRef = A34C1E9C823760D5F41EBFE8;
		};
		0049990BDDA2C30ED5694F93 = {
			isa = PBXBuildFile;
			fileRef = BFD5A860DB834B815952B613;
		};
		BE6B2451480B04644B796A6D = {
			isa = PBXBuildFile;
			fileRef = 6727B688B93F4DF6BA5E75EA;
		};
		A4CE2CBE85F0719A379EF6DF = {
			isa = PBXBuildFile;
			fileRef = 15B8CC6BC41D165BFCD5942D;
		};
		9C9D5D7CEC82BED0398F32FC = {
			isa = PBXBuildFile;
			fileRef = 4F3664BB82F9BD7C4CCF1681;
		};
		0137BEF56942B35C5FB00796 = {
			isa = PBXFileReference;
			lastKnownFileType = file;
			name = "juce_audio_devices";
			path = "/Users/billy/Downloads/JUCE/modules/juce_audio_devices";
			sourceTree = "<absolute>";
		};
		0327BCFE2A30106F99E06E56 = {
			isa = PBXFileReference;
			lastKnownFileType = file;
			name = "juce_audio_processors";
			path = "/Users/billy/Downloads/JUCE/modules/juce_audio_processors";
			sourceTree = "<absolute>";
		};
		10621CEDD25EF3434459B1C9 = {
			isa = PBXFileReference;
			lastKnownFileType = wrapper.framework;
			name = IOKit.framework;
			path = System/Library/Frameworks/IOKit.framework;
			sourceTree = SDKROOT;
		};
		15B8CC6BC41D165BFCD5942D = {
			isa = PBXFileReference;
			lastKnownFileType = sourcecode.cpp.objcpp;
			name = "include_juce_gui_basics.mm";
			path = "../../JuceLibraryCode/include_juce_gui_basics.mm";
			sourceTree = "SOURCE_ROOT";
		};
		25FCCBE466213279E598C850 = {
			isa = PBXFileReference;
			lastKnownFileType = wrapper.framework;
			name = CoreMIDI.framework;
			path = System/Library/Frameworks/CoreMIDI.framework;
			sourceTree = SDKROOT;
		};
		38046D90996F9134ECE86DAA = {
			isa = PBXFileReference;
			lastKnownFileType = sourcecode.cpp.objcpp;
			name = "include_juce_audio_basics.mm";
			path = "../../JuceLibraryCode/include_juce_audio_basics.mm";
			sourceTree = "SOURCE_ROOT";
		};
		384CCAE8D7C4F6E627409935 = {
			isa = PBXFileReference;
			lastKnownFileType = sourcecode.cpp.objcpp;
			name = "include_juce_audio_devices.mm";
			path = "../../JuceLibraryCode/include_juce_audio_devices.mm";
			sourceTree = "SOURCE_ROOT";
		};
		3C8CDB200BF4E4BDB652B2B3 = {
			isa = PBXFileReference;
			lastKnownFileType = file;
			name = "juce_events";
			path = "/Users/billy/Downloads/JUCE/modules/juce_events";
			sourceTree = "<absolute>";
		};
		4A3F819687216D6B8C28230C = {
			isa = PBXFileReference;
			lastKnownFileType = sourcecode.c.h;
			name = AppConfig.h;
			path = ../../JuceLibraryCode/AppConfig.h;
			sourceTree = "SOURCE_ROOT";
		};
		4E8AF71F79ECAA84C50CF3A4 = {
			isa = PBXFileReference;
			lastKnownFileType = file;
			name = "juce_core";
			path = "/Users/billy/Downloads/JUCE/modules/juce_core";
			sourceTree = "<absolute>";
		};
		4F3664BB82F9BD7C4CCF1681 = {
			isa = PBXFileReference;
			lastKnownFileType = sourcecode.cpp.objcpp;
			name = "include_juce_gui_extra.mm";
			path = "../../JuceLibraryCode/include_juce_gui_extra.mm";
			sourceTree = "SOURCE_ROOT";
		};
		6170DE227AFAFDE8BF244D6C = {
			isa = PBXFileReference;
			lastKnownFileType = file;
			name = "juce_data_structures";
			path = "/Users/billy/Downloads/JUCE/modules/juce_data_structures";
			sourceTree = "<absolute>";
		};
		6413A49B223626BE1EA9845F = {
			isa = PBXFileReference;
			lastKnownFileType = sourcecode.cpp.objcpp;
			name = "include_juce_audio_processors.mm";
			path = "../../JuceLibraryCode/include_juce_audio_processors.mm";
			sourceTree = "SOURCE_ROOT";
		};
		6727B688B93F4DF6BA5E75EA = {
			isa = PBXFileReference;
			lastKnownFileType = sourcecode.cpp.objcpp;
			name = "include_juce_graphics.mm";
			path = "../../JuceLibraryCode/include_juce_graphics.mm";
			sourceTree = "SOURCE_ROOT";
		};
		68D420AD33D04232B2C98884 = {
			isa = PBXFileReference;
			lastKnownFileType = wrapper.framework;
			name = AudioToolbox.framework;
			path = System/Library/Frameworks/AudioToolbox.framework;
			sourceTree = SDKROOT;
		};
		697CDB7492947ADD091DC4FD = {
			isa = PBXFileReference;
			lastKnownFileType = sourcecode.c.h;
			name = DemoUtilities.h;
			path = ../../Source/DemoUtilities.h;
			sourceTree = "SOURCE_ROOT";
		};
		69BDD6943A2AA9922C8DB32C = {
			isa = PBXFileReference;
			lastKnownFileType = wrapper.framework;
			name = Carbon.framework;
			path = System/Library/Frameworks/Carbon.framework;
			sourceTree = SDKROOT;
		};
		7F0E864946AAA6F1B6B4A16E = {
			isa = PBXFileReference;
			lastKnownFileType = file;
			name = "juce_audio_utils";
			path = "/Users/billy/Downloads/JUCE/modules/juce_audio_utils";
			sourceTree = "<absolute>";
		};
		826B431C8A2ED3076F8FAD15 = {
			isa = PBXFileReference;
			lastKnownFileType = file;
			name = "juce_gui_basics";
			path = "/Users/billy/Downloads/JUCE/modules/juce_gui_basics";
			sourceTree = "<absolute>";
		};
		89EF352894034AB9C2CF0665 = {
			isa = PBXFileReference;
			lastKnownFileType = sourcecode.cpp.objcpp;
			name = "include_juce_core.mm";
			path = "../../JuceLibraryCode/include_juce_core.mm";
			sourceTree = "SOURCE_ROOT";
		};
		94B91A14D9A23FD898B87F64 = {
			isa = PBXFileReference;
			lastKnownFileType = text.plist.xml;
			name = "Info-App.plist";
			path = "Info-App.plist";
			sourceTree = "SOURCE_ROOT";
		};
		96F338BD505C74B77509D58B = {
			isa = PBXFileReference;
			lastKnownFileType = file.nib;
			name = RecentFilesMenuTemplate.nib;
			path = RecentFilesMenuTemplate.nib;
			sourceTree = "SOURCE_ROOT";
		};
		9B344DBCAECC8EF1DCDF1213 = {
			isa = PBXFileReference;
			lastKnownFileType = wrapper.framework;
			name = QuartzCore.framework;
			path = System/Library/Frameworks/QuartzCore.framework;
			sourceTree = SDKROOT;
		};
		9E44F1E813052278A6AA70BE = {
			isa = PBXFileReference;
			lastKnownFileType = sourcecode.cpp.cpp;
			name = Main.cpp;
			path = ../../Source/Main.cpp;
			sourceTree = "SOURCE_ROOT";
		};
		A1427496F56E23271AAB8A01 = {
			isa = PBXFileReference;
			lastKnownFileType = file;
			name = "juce_audio_formats";
			path = "/Users/billy/Downloads/JUCE/modules/juce_audio_formats";
			sourceTree = "<absolute>";
		};
		A34C1E9C823760D5F41EBFE8 = {
			isa = PBXFileReference;
			lastKnownFileType = sourcecode.cpp.objcpp;
			name = "include_juce_dsp.mm";
			path = "../../JuceLibraryCode/include_juce_dsp.mm";
			sourceTree = "SOURCE_ROOT";
		};
		ABF7E606FF6B2B555124BB2B = {
			isa = PBXFileReference;
			lastKnownFileType = file;
			name = "juce_dsp";
			path = "/Users/billy/Downloads/JUCE/modules/juce_dsp";
			sourceTree = "<absolute>";
		};
		B55390334423182E6D5A0F90 = {
			isa = PBXFileReference;
			lastKnownFileType = sourcecode.cpp.objcpp;
			name = "include_juce_audio_utils.mm";
			path = "../../JuceLibraryCode/include_juce_audio_utils.mm";
			sourceTree = "SOURCE_ROOT";
		};
		B7B611B8A9BF2D490DF68A6A = {
			isa = PBXFileReference;
			lastKnownFileType = file;
			name = "juce_gui_extra";
			path = "/Users/billy/Downloads/JUCE/modules/juce_gui_extra";
			sourceTree = "<absolute>";
		};
		B839B2618E33AF9AE60A9453 = {
			isa = PBXFileReference;
			lastKnownFileType = wrapper.framework;
			name = CoreAudioKit.framework;
			path = System/Library/Frameworks/CoreAudioKit.framework;
			sourceTree = SDKROOT;
		};
		BAC402A333D7D534EDF29336 = {
			isa = PBXFileReference;
			explicitFileType = wrapper.application;
			includeInIndex = 0;
			path = FIRFilterDemo.app;
			sourceTree = "BUILT_PRODUCTS_DIR";
		};
		BAC96C94CC2716EFE367D55C = {
			isa = PBXFileReference;
			lastKnownFileType = wrapper.framework;
			name = DiscRecording.framework;
			path = System/Library/Frameworks/DiscRecording.framework;
			sourceTree = SDKROOT;
		};
		BED72E853B2C677AAE8B74AD = {
			isa = PBXFileReference;
			lastKnownFileType = sourcecode.c.h;
			name = JuceHeader.h;
			path = ../../JuceLibraryCode/JuceHeader.h;
			sourceTree = "SOURCE_ROOT";
		};
		BFD5A860DB834B815952B613 = {
			isa = PBXFileReference;
			lastKnownFileType = sourcecode.cpp.objcpp;
			name = "include_juce_events.mm";
			path = "../../JuceLibraryCode/include_juce_events.mm";
			sourceTree = "SOURCE_ROOT";
		};
		C1639836C2F3CB00924BE78A = {
			isa = PBXFileReference;
			lastKnownFileType = wrapper.framework;
			name = WebKit.framework;
			path = System/Library/Frameworks/WebKit.framework;
			sourceTree = SDKROOT;
		};
		C3CAD811B267E9D396847735 = {
			isa = PBXFileReference;
			lastKnownFileType = wrapper.framework;
			name = Cocoa.framework;
			path = System/Library/Frameworks/Cocoa.framework;
			sourceTree = SDKROOT;
		};
		D19DB787BC3C02CCEC757731 = {
			isa = PBXFileReference;
			lastKnownFileType = sourcecode.c.h;
			name = "DSPDemos_Common.h";
			path = "../../Source/DSPDemos_Common.h";
			sourceTree = "SOURCE_ROOT";
		};
		D673F2280B2CFE8453DE1A60 = {
			isa = PBXFileReference;
			lastKnownFileType = sourcecode.cpp.objcpp;
			name = "include_juce_audio_formats.mm";
			path = "../../JuceLibraryCode/include_juce_audio_formats.mm";
			sourceTree = "SOURCE_ROOT";
		};
		D69B32F044A565D49362A6E7 = {
			isa = PBXFileReference;
			lastKnownFileType = text.plist.xml;
			name = FIRFilterDemo.entitlements;
			path = FIRFilterDemo.entitlements;
			sourceTree = "SOURCE_ROOT";
		};
		E1D3CA3ABE9873D7CCCB8582 = {
			isa = PBXFileReference;
			lastKnownFileType = sourcecode.cpp.objcpp;
			name = "include_juce_data_structures.mm";
			path = "../../JuceLibraryCode/include_juce_data_structures.mm";
			sourceTree = "SOURCE_ROOT";
		};
		E33CCF193C5AD8DE1E2C0384 = {
			isa = PBXFileReference;
			lastKnownFileType = file;
			name = "juce_audio_basics";
			path = "/Users/billy/Downloads/JUCE/modules/juce_audio_basics";
			sourceTree = "<absolute>";
		};
		E4A704AE7C83F90F5CC8BA22 = {
			isa = PBXFileReference;
			lastKnownFileType = sourcecode.c.h;
			name = FIRFilterDemo.h;
			path = ../../Source/FIRFilterDemo.h;
			sourceTree = "SOURCE_ROOT";
		};
		E74D54482D1BFF1E730B6C0B = {
			isa = PBXFileReference;
			lastKnownFileType = wrapper.framework;
			name = CoreAudio.framework;
			path = System/Library/Frameworks/CoreAudio.framework;
			sourceTree = SDKROOT;
		};
		ED68FE83C31E07B92DF11DE7 = {
			isa = PBXFileReference;
			lastKnownFileType = wrapper.framework;
			name = Accelerate.framework;
			path = System/Library/Frameworks/Accelerate.framework;
			sourceTree = SDKROOT;
		};
		F1779661E88A9310EB1F12A7 = {
			isa = PBXFileReference;
			lastKnownFileType = file;
			name = "juce_graphics";
			path = "/Users/billy/Downloads/JUCE/modules/juce_graphics";
			sourceTree = "<absolute>";
		};
		51175A02D3B43662EBA3D13F = {
			isa = PBXGroup;
			children = (
				9E44F1E813052278A6AA70BE,
				E4A704AE7C83F90F5CC8BA22,
			);
			name = Source;
			sourceTree = "<group>";
		};
		DADEA1619A58FD4AAC0F2EBB = {
			isa = PBXGroup;
			children = (
				697CDB7492947ADD091DC4FD,
				D19DB787BC3C02CCEC757731,
			);
			name = Assets;
			sourceTree = "<group>";
		};
		358E8DC44B40F94DCBBAD11A = {
			isa = PBXGroup;
			children = (
				51175A02D3B43662EBA3D13F,
				DADEA1619A58FD4AAC0F2EBB,
			);
			name = FIRFilterDemo;
			sourceTree = "<group>";
		};
		F433E9FEC61B7D8EB8EA9C7B = {
			isa = PBXGroup;
			children = (
				E33CCF193C5AD8DE1E2C0384,
				0137BEF56942B35C5FB00796,
				A1427496F56E23271AAB8A01,
				0327BCFE2A30106F99E06E56,
				7F0E864946AAA6F1B6B4A16E,
				4E8AF71F79ECAA84C50CF3A4,
				6170DE227AFAFDE8BF244D6C,
				ABF7E606FF6B2B555124BB2B,
				3C8CDB200BF4E4BDB652B2B3,
				F1779661E88A9310EB1F12A7,
				826B431C8A2ED3076F8FAD15,
				B7B611B8A9BF2D490DF68A6A,
			);
			name = "JUCE Modules";
			sourceTree = "<group>";
		};
		B570A6B3226B151B17262ED6 = {
			isa = PBXGroup;
			children = (
				4A3F819687216D6B8C28230C,
				38046D90996F9134ECE86DAA,
				384CCAE8D7C4F6E627409935,
				D673F2280B2CFE8453DE1A60,
				6413A49B223626BE1EA9845F,
				B55390334423182E6D5A0F90,
				89EF352894034AB9C2CF0665,
				E1D3CA3ABE9873D7CCCB8582,
				A34C1E9C823760D5F41EBFE8,
				BFD5A860DB834B815952B613,
				6727B688B93F4DF6BA5E75EA,
				15B8CC6BC41D165BFCD5942D,
				4F3664BB82F9BD7C4CCF1681,
				BED72E853B2C677AAE8B74AD,
			);
			name = "JUCE Library Code";
			sourceTree = "<group>";
		};
		76BA51679F5CABDC2CEC0083 = {
			isa = PBXGroup;
			children = (
				94B91A14D9A23FD898B87F64,
				96F338BD505C74B77509D58B,
			);
			name = Resources;
			sourceTree = "<group>";
		};
		AC1165EF9A9F1DE9D2EE1CB2 = {
			isa = PBXGroup;
			children = (
				ED68FE83C31E07B92DF11DE7,
				68D420AD33D04232B2C98884,
				69BDD6943A2AA9922C8DB32C,
				C3CAD811B267E9D396847735,
				E74D54482D1BFF1E730B6C0B,
				B839B2618E33AF9AE60A9453,
				25FCCBE466213279E598C850,
				BAC96C94CC2716EFE367D55C,
				10621CEDD25EF3434459B1C9,
				9B344DBCAECC8EF1DCDF1213,
				C1639836C2F3CB00924BE78A,
			);
			name = Frameworks;
			sourceTree = "<group>";
		};
		A995E24CD2DECD278BEDC3DB = {
			isa = PBXGroup;
			children = (
				BAC402A333D7D534EDF29336,
			);
			name = Products;
			sourceTree = "<group>";
		};
		CCE1AC6EEDEB7361BBC70F8A = {
			isa = PBXGroup;
			children = (
				358E8DC44B40F94DCBBAD11A,
				F433E9FEC61B7D8EB8EA9C7B,
				B570A6B3226B151B17262ED6,
				76BA51679F5CABDC2CEC0083,
				AC1165EF9A9F1DE9D2EE1CB2,
				A995E24CD2DECD278BEDC3DB,
			);
			name = Source;
			sourceTree = "<group>";
		};
		3759CC8FEFA7D856834AA414 = {
			isa = XCBuildConfiguration;
			buildSettings = {
				CLANG_CXX_LANGUAGE_STANDARD = "c++14";
				CLANG_CXX_LIBRARY = "libc++";
				CLANG_LINK_OBJC_RUNTIME = NO;
				CODE_SIGN_IDENTITY = "";
				COMBINE_HIDPI_IMAGES = YES;
				CONFIGURATION_BUILD_DIR = "$(PROJECT_DIR)/build/$(CONFIGURATION)";
				COPY_PHASE_STRIP = NO;
				GCC_DYNAMIC_NO_PIC = NO;
				GCC_OPTIMIZATION_LEVEL = 0;
				GCC_PREPROCESSOR_DEFINITIONS = (
					"_DEBUG=1",
					"DEBUG=1",
					"PIP_JUCE_EXAMPLES_DIRECTORY=L1VzZXJzL2JpbGx5L0Rvd25sb2Fkcy9KVUNFL2V4YW1wbGVz",
					"JUCER_XCODE_MAC_F6D2F4CF=1",
					"JUCE_APP_VERSION=1.0.0",
					"JUCE_APP_VERSION_HEX=0x10000",
					"JucePlugin_Build_VST=0",
					"JucePlugin_Build_VST3=0",
					"JucePlugin_Build_AU=0",
					"JucePlugin_Build_AUv3=0",
					"JucePlugin_Build_RTAS=0",
					"JucePlugin_Build_AAX=0",
					"JucePlugin_Build_Standalone=0",
					"JucePlugin_Build_Unity=0",
				);
				GCC_VERSION = com.apple.compilers.llvm.clang.1_0;
				HEADER_SEARCH_PATHS = (
					"../../JuceLibraryCode",
					"/Users/billy/Downloads/JUCE/modules",
					"$(inherited)",
				);
				INFOPLIST_FILE = Info-App.plist;
				INFOPLIST_PREPROCESS = NO;
				INSTALL_PATH = "$(HOME)/Applications";
				MACOSX_DEPLOYMENT_TARGET = 10.11;
				PRODUCT_BUNDLE_IDENTIFIER = com.JUCE.FIRFilterDemo;
				PRODUCT_NAME = "FIRFilterDemo";
				USE_HEADERMAP = NO;
			};
			name = Debug;
		};
		2701F1F3609353AF56DCAA6B = {
			isa = XCBuildConfiguration;
			buildSettings = {
				CLANG_CXX_LANGUAGE_STANDARD = "c++14";
				CLANG_CXX_LIBRARY = "libc++";
				CLANG_LINK_OBJC_RUNTIME = NO;
				CODE_SIGN_IDENTITY = "";
				COMBINE_HIDPI_IMAGES = YES;
				CONFIGURATION_BUILD_DIR = "$(PROJECT_DIR)/build/$(CONFIGURATION)";
				DEAD_CODE_STRIPPING = YES;
				GCC_GENERATE_DEBUGGING_SYMBOLS = NO;
				GCC_OPTIMIZATION_LEVEL = 3;
				GCC_PREPROCESSOR_DEFINITIONS = (
					"_NDEBUG=1",
					"NDEBUG=1",
					"PIP_JUCE_EXAMPLES_DIRECTORY=L1VzZXJzL2JpbGx5L0Rvd25sb2Fkcy9KVUNFL2V4YW1wbGVz",
					"JUCER_XCODE_MAC_F6D2F4CF=1",
					"JUCE_APP_VERSION=1.0.0",
					"JUCE_APP_VERSION_HEX=0x10000",
					"JucePlugin_Build_VST=0",
					"JucePlugin_Build_VST3=0",
					"JucePlugin_Build_AU=0",
					"JucePlugin_Build_AUv3=0",
					"JucePlugin_Build_RTAS=0",
					"JucePlugin_Build_AAX=0",
					"JucePlugin_Build_Standalone=0",
					"JucePlugin_Build_Unity=0",
				);
				GCC_SYMBOLS_PRIVATE_EXTERN = YES;
				GCC_VERSION = com.apple.compilers.llvm.clang.1_0;
				HEADER_SEARCH_PATHS = (
					"../../JuceLibraryCode",
					"/Users/billy/Downloads/JUCE/modules",
					"$(inherited)",
				);
				INFOPLIST_FILE = Info-App.plist;
				INFOPLIST_PREPROCESS = NO;
				INSTALL_PATH = "$(HOME)/Applications";
				LLVM_LTO = YES;
				MACOSX_DEPLOYMENT_TARGET = 10.11;
				PRODUCT_BUNDLE_IDENTIFIER = com.JUCE.FIRFilterDemo;
				PRODUCT_NAME = "FIRFilterDemo";
				USE_HEADERMAP = NO;
			};
			name = Release;
		};
		4D917DE1C3F75198AD216528 = {
			isa = XCBuildConfiguration;
			buildSettings = {
				ALWAYS_SEARCH_USER_PATHS = NO;
				CLANG_ENABLE_OBJC_WEAK = YES;
				CLANG_WARN_BLOCK_CAPTURE_AUTORELEASING = YES;
				CLANG_WARN_BOOL_CONVERSION = YES;
				CLANG_WARN_COMMA = YES;
				CLANG_WARN_CONSTANT_CONVERSION = YES;
				CLANG_WARN_DEPRECATED_OBJC_IMPLEMENTATIONS = YES;
				CLANG_WARN_EMPTY_BODY = YES;
				CLANG_WARN_ENUM_CONVERSION = YES;
				CLANG_WARN_INFINITE_RECURSION = YES;
				CLANG_WARN_INT_CONVERSION = YES;
				CLANG_WARN_NON_LITERAL_NULL_CONVERSION = YES;
				CLANG_WARN_OBJC_IMPLICIT_RETAIN_SELF = YES;
				CLANG_WARN_OBJC_LITERAL_CONVERSION = YES;
				CLANG_WARN_RANGE_LOOP_ANALYSIS = YES;
				CLANG_WARN_STRICT_PROTOTYPES = YES;
				CLANG_WARN_SUSPICIOUS_MOVE = YES;
				CLANG_WARN_UNREACHABLE_CODE = YES;
				CLANG_WARN__DUPLICATE_METHOD_MATCH = YES;
				CODE_SIGN_IDENTITY = "";
				DEBUG_INFORMATION_FORMAT = dwarf;
				ENABLE_STRICT_OBJC_MSGSEND = YES;
				ENABLE_TESTABILITY = YES;
				GCC_C_LANGUAGE_STANDARD = c11;
				GCC_INLINES_ARE_PRIVATE_EXTERN = YES;
				GCC_MODEL_TUNING = G5;
				GCC_NO_COMMON_BLOCKS = YES;
				GCC_WARN_64_TO_32_BIT_CONVERSION = YES;
				GCC_WARN_ABOUT_RETURN_TYPE = YES;
				GCC_WARN_CHECK_SWITCH_STATEMENTS = YES;
				GCC_WARN_MISSING_PARENTHESES = YES;
				GCC_WARN_NON_VIRTUAL_DESTRUCTOR = YES;
				GCC_WARN_TYPECHECK_CALLS_TO_PRINTF = YES;
				GCC_WARN_UNDECLARED_SELECTOR = YES;
				GCC_WARN_UNINITIALIZED_AUTOS = YES;
				GCC_WARN_UNUSED_FUNCTION = YES;
				GCC_WARN_UNUSED_VARIABLE = YES;
				ONLY_ACTIVE_ARCH = YES;
				PRODUCT_NAME = "FIRFilterDemo";
				WARNING_CFLAGS = "-Wreorder";
				ZERO_LINK = NO;
			};
			name = Debug;
		};
		9E33BF3C268DE780E50E648E = {
			isa = XCBuildConfiguration;
			buildSettings = {
				ALWAYS_SEARCH_USER_PATHS = NO;
				CLANG_ENABLE_OBJC_WEAK = YES;
				CLANG_WARN_BLOCK_CAPTURE_AUTORELEASING = YES;
				CLANG_WARN_BOOL_CONVERSION = YES;
				CLANG_WARN_COMMA = YES;
				CLANG_WARN_CONSTANT_CONVERSION = YES;
				CLANG_WARN_DEPRECATED_OBJC_IMPLEMENTATIONS = YES;
				CLANG_WARN_EMPTY_BODY = YES;
				CLANG_WARN_ENUM_CONVERSION = YES;
				CLANG_WARN_INFINITE_RECURSION = YES;
				CLANG_WARN_INT_CONVERSION = YES;
				CLANG_WARN_NON_LITERAL_NULL_CONVERSION = YES;
				CLANG_WARN_OBJC_IMPLICIT_RETAIN_SELF = YES;
				CLANG_WARN_OBJC_LITERAL_CONVERSION = YES;
				CLANG_WARN_RANGE_LOOP_ANALYSIS = YES;
				CLANG_WARN_STRICT_PROTOTYPES = YES;
				CLANG_WARN_SUSPICIOUS_MOVE = YES;
				CLANG_WARN_UNREACHABLE_CODE = YES;
				CLANG_WARN__DUPLICATE_METHOD_MATCH = YES;
				CODE_SIGN_IDENTITY = "";
				DEBUG_INFORMATION_FORMAT = dwarf;
				ENABLE_STRICT_OBJC_MSGSEND = YES;
				GCC_C_LANGUAGE_STANDARD = c11;
				GCC_INLINES_ARE_PRIVATE_EXTERN = YES;
				GCC_MODEL_TUNING = G5;
				GCC_NO_COMMON_BLOCKS = YES;
				GCC_WARN_64_TO_32_BIT_CONVERSION = YES;
				GCC_WARN_ABOUT_RETURN_TYPE = YES;
				GCC_WARN_CHECK_SWITCH_STATEMENTS = YES;
				GCC_WARN_MISSING_PARENTHESES = YES;
				GCC_WARN_NON_VIRTUAL_DESTRUCTOR = YES;
				GCC_WARN_TYPECHECK_CALLS_TO_PRINTF = YES;
				GCC_WARN_UNDECLARED_SELECTOR = YES;
				GCC_WARN_UNINITIALIZED_AUTOS = YES;
				GCC_WARN_UNUSED_FUNCTION = YES;
				GCC_WARN_UNUSED_VARIABLE = YES;
				PRODUCT_NAME = "FIRFilterDemo";
				WARNING_CFLAGS = "-Wreorder";
				ZERO_LINK = NO;
			};
			name = Release;
		};
		A64429009C829DD110983925 = {
			isa = PBXTargetDependency;
			target = 9A1BCDEB0344639A7D40A926;
		};
		E78B172868AA21E26A91289F = {
			isa = XCConfigurationList;
			buildConfigurations = (
				4D917DE1C3F75198AD216528,
				9E33BF3C268DE780E50E648E,
			);
			defaultConfigurationIsVisible = 0;
			defaultConfigurationName = Debug;
		};
		8C18258FDBDBB8F6EFDC6243 = {
			isa = XCConfigurationList;
			buildConfigurations = (
				3759CC8FEFA7D856834AA414,
				2701F1F3609353AF56DCAA6B,
			);
			defaultConfigurationIsVisible = 0;
			defaultConfigurationName = Debug;
		};
		39641C45FCF1632CD152EB64 = {
			isa = PBXResourcesBuildPhase;
			buildActionMask = 2147483647;
			files = (
				BD2ED05CCCEF3101E41497A6,
			);
			runOnlyForDeploymentPostprocessing = 0;
		};
		1C4D1CC31BE541C47821DB99 = {
			isa = PBXSourcesBuildPhase;
			buildActionMask = 2147483647;
			files = (
				01F065CC01E1107713F3C628,
				D929646DC44319050997EAE1,
				1C8DC465B0628557DB82E85B,
				7505190780F94AED495EFBFD,
				315954D1EF72001BD37E4DAF,
				9CD2DEAFE23F9EC086BD96B6,
				256E63BF6427C5416C1C3E0E,
				B72E1903C8DCADA677AC144C,
				8549A7D0BA6CB277BA665844,
				0049990BDDA2C30ED5694F93,
				BE6B2451480B04644B796A6D,
				A4CE2CBE85F0719A379EF6DF,
				9C9D5D7CEC82BED0398F32FC,
			);
			runOnlyForDeploymentPostprocessing = 0;
		};
		32772BC00B7340BAABE72FCD = {
			isa = PBXFrameworksBuildPhase;
			buildActionMask = 2147483647;
			files = (
				1521A385F1C56EBF727190C1,
				927CC0840D90EB4598391859,
				CB6ED714A3870F1C04B200DC,
				FA113037AA864ECF1DA95FD5,
				1898F87DA592B6C5EE73278D,
				443483B3C99A64BEDEF50744,
				E7182532C073DB05EDBAE900,
				A6747268B20CF122175FA061,
				6E86513C9E5B10C255C3AB7C,
				EEFC38BC776F382D0C92E59C,
				0349CD3B2C8F6892B1A2F846,
			);
			runOnlyForDeploymentPostprocessing = 0;
		};
		9A1BCDEB0344639A7D40A926 = {
			isa = PBXNativeTarget;
			buildConfigurationList = 8C18258FDBDBB8F6EFDC6243;
			buildPhases = (
				39641C45FCF1632CD152EB64,
				1C4D1CC31BE541C47821DB99,
				32772BC00B7340BAABE72FCD,
			);
			buildRules = ( );
			dependencies = ( );
			name = "FIRFilterDemo - App";
			productName = FIRFilterDemo;
			productReference = BAC402A333D7D534EDF29336;
			productType = "com.apple.product-type.application";
		};
		1B7A3C6A1B7937FC8E7D6428 = {
			isa = PBXProject;
			buildConfigurationList = E78B172868AA21E26A91289F;
			attributes = { LastUpgradeCheck = 1100; ORGANIZATIONNAME = "JUCE"; TargetAttributes = { 9A1BCDEB0344639A7D40A926 = { SystemCapabilities = {com.apple.ApplicationGroups.iOS = { enabled = 0; }; com.apple.InAppPurchase = { enabled = 0; }; com.apple.InterAppAudio = { enabled = 0; }; com.apple.Push = { enabled = 0; }; com.apple.Sandbox = { enabled = 0; }; com.apple.HardenedRuntime = { enabled = 0; }; }; }; }; };
			compatibilityVersion = "Xcode 3.2";
			hasScannedForEncodings = 0;
			mainGroup = CCE1AC6EEDEB7361BBC70F8A;
			projectDirPath = "";
			projectRoot = "";
			targets = (9A1BCDEB0344639A7D40A926);
			knownRegions = (en, Base);
		};
	};
	rootObject = 1B7A3C6A1B7937FC8E7D6428;
}
